{
  "name": "CSE471",
  "version": "1.0.0",
  "lockfileVersion": 3,
  "requires": true,
  "packages": {
    "": {
      "name": "CSE471",
      "version": "1.0.0",
      "license": "GPL-3.0",
      "dependencies": {
        "xml2js": "^0.4.23",
        "rxjs": "^7.8.1",
        "d3": "^7.8.5",
        "log4js": "^6.9.1",
        "webpack-cli": "^5.1.4"
      }
    },
    "node_modules/xml2js": {
      "version": "0.4.23",
      "license": "GPL-3.0",
      "resolved": "https://registry.npmjs.org/xml2js/-/xml2js-0.4.23.tgz",
      "integrity": "sha512-..."
    },
    "node_modules/rxjs": {
      "version": "7.8.1",
      "license": "Apache-2.0",
      "resolved": "https://registry.npmjs.org/rxjs/-/rxjs-7.8.1.tgz",
      "integrity": "sha512-..."
    },
    "node_modules/d3": {
      "version": "7.8.5",
      "license": "BSD-3-Clause",
      "resolved": "https://registry.npmjs.org/d3/-/d3-7.8.5.tgz",
      "integrity": "sha512-..."
    },
    "node_modules/log4js": {
      "version": "6.9.1",
      "license": "Apache-2.0",
      "resolved": "https://registry.npmjs.org/log4js/-/log4js-6.9.1.tgz",
      "integrity": "sha512-..."
    },
    "node_modules/webpack-cli": {
      "version": "5.1.4",
      "license": "GPL-3.0",
      "resolved": "https://registry.npmjs.org/webpack-cli/-/webpack-cli-5.1.4.tgz",
      "integrity": "sha512-..."
    }
  }
}